
Microsoft Visual Studio Solution File, Format Version 12.00
# Visual Studio Version 16
VisualStudioVersion = 16.0.29001.49
MinimumVisualStudioVersion = 10.0.40219.1
Project("{F184B08F-C81C-45F6-A57F-5ABD9991F28F}") = "MoonMyeong", "MoonMyeong\MoonMyeong.vbproj", "{D98639BF-DFB4-448B-B0D4-CB305E089464}"
EndProject
Project("{2150E333-8FDC-42A3-9474-1A3956D46DE8}") = "WangWang", "WangWang", "{24CB86C6-D99B-4B54-9D7D-CA056C090775}"
EndProject
Project("{2150E333-8FDC-42A3-9474-1A3956D46DE8}") = "Megumi", "Megumi", "{C86CEE18-5405-4AA7-8E11-BAE9F26EACA4}"
EndProject
Project("{F184B08F-C81C-45F6-A57F-5ABD9991F28F}") = "WangMain", "WangMain\WangMain.vbproj", "{29F0693D-81C1-4B35-856B-395306AC4064}"
EndProject
Project("{2150E333-8FDC-42A3-9474-1A3956D46DE8}") = "Poketmon", "Poketmon", "{670D5D7C-E487-4675-AFB4-1EC9C660A091}"
EndProject
Project("{F184B08F-C81C-45F6-A57F-5ABD9991F28F}") = "2.5DHero", "Pokemon-3D\2.5DHero\2.5DHero\2.5DHero.vbproj", "{9E0AFC66-3941-4725-856B-D328C45C35A6}"
EndProject
Global
	GlobalSection(SolutionConfigurationPlatforms) = preSolution
		Debug|Any CPU = Debug|Any CPU
		Debug|DesktopGL = Debug|DesktopGL
		Debug|XNA = Debug|XNA
		DebugNoContent|Any CPU = DebugNoContent|Any CPU
		DebugNoContent|DesktopGL = DebugNoContent|DesktopGL
		DebugNoContent|XNA = DebugNoContent|XNA
		Release|Any CPU = Release|Any CPU
		Release|DesktopGL = Release|DesktopGL
		Release|XNA = Release|XNA
		ReleaseNoContent|Any CPU = ReleaseNoContent|Any CPU
		ReleaseNoContent|DesktopGL = ReleaseNoContent|DesktopGL
		ReleaseNoContent|XNA = ReleaseNoContent|XNA
	EndGlobalSection
	GlobalSection(ProjectConfigurationPlatforms) = postSolution
		{D98639BF-DFB4-448B-B0D4-CB305E089464}.Debug|Any CPU.ActiveCfg = Debug|Any CPU
		{D98639BF-DFB4-448B-B0D4-CB305E089464}.Debug|Any CPU.Build.0 = Debug|Any CPU
		{D98639BF-DFB4-448B-B0D4-CB305E089464}.Debug|DesktopGL.ActiveCfg = Debug|Any CPU
		{D98639BF-DFB4-448B-B0D4-CB305E089464}.Debug|DesktopGL.Build.0 = Debug|Any CPU
		{D98639BF-DFB4-448B-B0D4-CB305E089464}.Debug|XNA.ActiveCfg = Debug|Any CPU
		{D98639BF-DFB4-448B-B0D4-CB305E089464}.Debug|XNA.Build.0 = Debug|Any CPU
		{D98639BF-DFB4-448B-B0D4-CB305E089464}.DebugNoContent|Any CPU.ActiveCfg = Debug|Any CPU
		{D98639BF-DFB4-448B-B0D4-CB305E089464}.DebugNoContent|Any CPU.Build.0 = Debug|Any CPU
		{D98639BF-DFB4-448B-B0D4-CB305E089464}.DebugNoContent|DesktopGL.ActiveCfg = Debug|Any CPU
		{D98639BF-DFB4-448B-B0D4-CB305E089464}.DebugNoContent|DesktopGL.Build.0 = Debug|Any CPU
		{D98639BF-DFB4-448B-B0D4-CB305E089464}.DebugNoContent|XNA.ActiveCfg = Debug|Any CPU
		{D98639BF-DFB4-448B-B0D4-CB305E089464}.DebugNoContent|XNA.Build.0 = Debug|Any CPU
		{D98639BF-DFB4-448B-B0D4-CB305E089464}.Release|Any CPU.ActiveCfg = Release|Any CPU
		{D98639BF-DFB4-448B-B0D4-CB305E089464}.Release|Any CPU.Build.0 = Release|Any CPU
		{D98639BF-DFB4-448B-B0D4-CB305E089464}.Release|DesktopGL.ActiveCfg = Release|Any CPU
		{D98639BF-DFB4-448B-B0D4-CB305E089464}.Release|DesktopGL.Build.0 = Release|Any CPU
		{D98639BF-DFB4-448B-B0D4-CB305E089464}.Release|XNA.ActiveCfg = Release|Any CPU
		{D98639BF-DFB4-448B-B0D4-CB305E089464}.Release|XNA.Build.0 = Release|Any CPU
		{D98639BF-DFB4-448B-B0D4-CB305E089464}.ReleaseNoContent|Any CPU.ActiveCfg = Release|Any CPU
		{D98639BF-DFB4-448B-B0D4-CB305E089464}.ReleaseNoContent|Any CPU.Build.0 = Release|Any CPU
		{D98639BF-DFB4-448B-B0D4-CB305E089464}.ReleaseNoContent|DesktopGL.ActiveCfg = Release|Any CPU
		{D98639BF-DFB4-448B-B0D4-CB305E089464}.ReleaseNoContent|DesktopGL.Build.0 = Release|Any CPU
		{D98639BF-DFB4-448B-B0D4-CB305E089464}.ReleaseNoContent|XNA.ActiveCfg = Release|Any CPU
		{D98639BF-DFB4-448B-B0D4-CB305E089464}.ReleaseNoContent|XNA.Build.0 = Release|Any CPU
		{29F0693D-81C1-4B35-856B-395306AC4064}.Debug|Any CPU.ActiveCfg = Debug|Any CPU
		{29F0693D-81C1-4B35-856B-395306AC4064}.Debug|Any CPU.Build.0 = Debug|Any CPU
		{29F0693D-81C1-4B35-856B-395306AC4064}.Debug|DesktopGL.ActiveCfg = Debug|Any CPU
		{29F0693D-81C1-4B35-856B-395306AC4064}.Debug|DesktopGL.Build.0 = Debug|Any CPU
		{29F0693D-81C1-4B35-856B-395306AC4064}.Debug|XNA.ActiveCfg = Debug|Any CPU
		{29F0693D-81C1-4B35-856B-395306AC4064}.Debug|XNA.Build.0 = Debug|Any CPU
		{29F0693D-81C1-4B35-856B-395306AC4064}.DebugNoContent|Any CPU.ActiveCfg = Debug|Any CPU
		{29F0693D-81C1-4B35-856B-395306AC4064}.DebugNoContent|Any CPU.Build.0 = Debug|Any CPU
		{29F0693D-81C1-4B35-856B-395306AC4064}.DebugNoContent|DesktopGL.ActiveCfg = Debug|Any CPU
		{29F0693D-81C1-4B35-856B-395306AC4064}.DebugNoContent|DesktopGL.Build.0 = Debug|Any CPU
		{29F0693D-81C1-4B35-856B-395306AC4064}.DebugNoContent|XNA.ActiveCfg = Debug|Any CPU
		{29F0693D-81C1-4B35-856B-395306AC4064}.DebugNoContent|XNA.Build.0 = Debug|Any CPU
		{29F0693D-81C1-4B35-856B-395306AC4064}.Release|Any CPU.ActiveCfg = Release|Any CPU
		{29F0693D-81C1-4B35-856B-395306AC4064}.Release|Any CPU.Build.0 = Release|Any CPU
		{29F0693D-81C1-4B35-856B-395306AC4064}.Release|DesktopGL.ActiveCfg = Release|Any CPU
		{29F0693D-81C1-4B35-856B-395306AC4064}.Release|DesktopGL.Build.0 = Release|Any CPU
		{29F0693D-81C1-4B35-856B-395306AC4064}.Release|XNA.ActiveCfg = Release|Any CPU
		{29F0693D-81C1-4B35-856B-395306AC4064}.Release|XNA.Build.0 = Release|Any CPU
		{29F0693D-81C1-4B35-856B-395306AC4064}.ReleaseNoContent|Any CPU.ActiveCfg = Release|Any CPU
		{29F0693D-81C1-4B35-856B-395306AC4064}.ReleaseNoContent|Any CPU.Build.0 = Release|Any CPU
		{29F0693D-81C1-4B35-856B-395306AC4064}.ReleaseNoContent|DesktopGL.ActiveCfg = Release|Any CPU
		{29F0693D-81C1-4B35-856B-395306AC4064}.ReleaseNoContent|DesktopGL.Build.0 = Release|Any CPU
		{29F0693D-81C1-4B35-856B-395306AC4064}.ReleaseNoContent|XNA.ActiveCfg = Release|Any CPU
		{29F0693D-81C1-4B35-856B-395306AC4064}.ReleaseNoContent|XNA.Build.0 = Release|Any CPU
		{9E0AFC66-3941-4725-856B-D328C45C35A6}.Debug|Any CPU.ActiveCfg = Debug|XNA
		{9E0AFC66-3941-4725-856B-D328C45C35A6}.Debug|DesktopGL.ActiveCfg = Debug|DesktopGL
		{9E0AFC66-3941-4725-856B-D328C45C35A6}.Debug|DesktopGL.Build.0 = Debug|DesktopGL
		{9E0AFC66-3941-4725-856B-D328C45C35A6}.Debug|XNA.ActiveCfg = Debug|XNA
		{9E0AFC66-3941-4725-856B-D328C45C35A6}.Debug|XNA.Build.0 = Debug|XNA
		{9E0AFC66-3941-4725-856B-D328C45C35A6}.DebugNoContent|Any CPU.ActiveCfg = DebugNoContent|XNA
		{9E0AFC66-3941-4725-856B-D328C45C35A6}.DebugNoContent|DesktopGL.ActiveCfg = DebugNoContent|DesktopGL
		{9E0AFC66-3941-4725-856B-D328C45C35A6}.DebugNoContent|DesktopGL.Build.0 = DebugNoContent|DesktopGL
		{9E0AFC66-3941-4725-856B-D328C45C35A6}.DebugNoContent|XNA.ActiveCfg = DebugNoContent|XNA
		{9E0AFC66-3941-4725-856B-D328C45C35A6}.DebugNoContent|XNA.Build.0 = DebugNoContent|XNA
		{9E0AFC66-3941-4725-856B-D328C45C35A6}.Release|Any CPU.ActiveCfg = Release|XNA
		{9E0AFC66-3941-4725-856B-D328C45C35A6}.Release|DesktopGL.ActiveCfg = Release|DesktopGL
		{9E0AFC66-3941-4725-856B-D328C45C35A6}.Release|DesktopGL.Build.0 = Release|DesktopGL
		{9E0AFC66-3941-4725-856B-D328C45C35A6}.Release|XNA.ActiveCfg = Release|XNA
		{9E0AFC66-3941-4725-856B-D328C45C35A6}.Release|XNA.Build.0 = Release|XNA
		{9E0AFC66-3941-4725-856B-D328C45C35A6}.ReleaseNoContent|Any CPU.ActiveCfg = ReleaseNoContent|XNA
		{9E0AFC66-3941-4725-856B-D328C45C35A6}.ReleaseNoContent|DesktopGL.ActiveCfg = ReleaseNoContent|DesktopGL
		{9E0AFC66-3941-4725-856B-D328C45C35A6}.ReleaseNoContent|DesktopGL.Build.0 = ReleaseNoContent|DesktopGL
		{9E0AFC66-3941-4725-856B-D328C45C35A6}.ReleaseNoContent|XNA.ActiveCfg = ReleaseNoContent|XNA
		{9E0AFC66-3941-4725-856B-D328C45C35A6}.ReleaseNoContent|XNA.Build.0 = ReleaseNoContent|XNA
	EndGlobalSection
	GlobalSection(SolutionProperties) = preSolution
		HideSolutionNode = FALSE
	EndGlobalSection
	GlobalSection(NestedProjects) = preSolution
		{29F0693D-81C1-4B35-856B-395306AC4064} = {24CB86C6-D99B-4B54-9D7D-CA056C090775}
		{670D5D7C-E487-4675-AFB4-1EC9C660A091} = {C86CEE18-5405-4AA7-8E11-BAE9F26EACA4}
		{9E0AFC66-3941-4725-856B-D328C45C35A6} = {670D5D7C-E487-4675-AFB4-1EC9C660A091}
	EndGlobalSection
	GlobalSection(ExtensibilityGlobals) = postSolution
		SolutionGuid = {0C254541-FC1C-43E6-81A5-1C718281DC56}
	EndGlobalSection
EndGlobal
